// !$*UTF8*$!
{
	archiveVersion = 1;
	classes = {
	};
	objectVersion = 56;
	objects = {

/* Begin PBXBuildFile section */
		140A8DAB290F949400677307 /* MovieReviewView.swift in Sources */ = {isa = PBXBuildFile; fileRef = 140A8DAA290F949400677307 /* MovieReviewView.swift */; };
		B5F5FE87290D118B00BF02CC /* MovieAppApp.swift in Sources */ = {isa = PBXBuildFile; fileRef = B5F5FE86290D118B00BF02CC /* MovieAppApp.swift */; };
		B5F5FE89290D118B00BF02CC /* ContentView.swift in Sources */ = {isa = PBXBuildFile; fileRef = B5F5FE88290D118B00BF02CC /* ContentView.swift */; };
		B5F5FE8B290D118D00BF02CC /* Assets.xcassets in Resources */ = {isa = PBXBuildFile; fileRef = B5F5FE8A290D118D00BF02CC /* Assets.xcassets */; };
		B5F5FE8E290D118D00BF02CC /* Preview Assets.xcassets in Resources */ = {isa = PBXBuildFile; fileRef = B5F5FE8D290D118D00BF02CC /* Preview Assets.xcassets */; };
		B5F5FE99290D15EE00BF02CC /* HomeTabView.swift in Sources */ = {isa = PBXBuildFile; fileRef = B5F5FE98290D15EE00BF02CC /* HomeTabView.swift */; };
		B5F5FE9B290D1A7900BF02CC /* SettingsView.swift in Sources */ = {isa = PBXBuildFile; fileRef = B5F5FE9A290D1A7900BF02CC /* SettingsView.swift */; };
		B5F5FE9D290D237A00BF02CC /* MoviesView.swift in Sources */ = {isa = PBXBuildFile; fileRef = B5F5FE9C290D237A00BF02CC /* MoviesView.swift */; };
		B5F5FE9F290D23B500BF02CC /* DiscoverView.swift in Sources */ = {isa = PBXBuildFile; fileRef = B5F5FE9E290D23B500BF02CC /* DiscoverView.swift */; };
		B5F5FEA1290D2D8800BF02CC /* Movie.swift in Sources */ = {isa = PBXBuildFile; fileRef = B5F5FEA0290D2D8800BF02CC /* Movie.swift */; };
		B5F5FEA3290D344100BF02CC /* Cast.swift in Sources */ = {isa = PBXBuildFile; fileRef = B5F5FEA2290D344100BF02CC /* Cast.swift */; };
		B5F5FEA5290D37D400BF02CC /* Review.swift in Sources */ = {isa = PBXBuildFile; fileRef = B5F5FEA4290D37D400BF02CC /* Review.swift */; };
		B5F5FEA8290D3EB700BF02CC /* Alamofire in Frameworks */ = {isa = PBXBuildFile; productRef = B5F5FEA7290D3EB700BF02CC /* Alamofire */; };
		B5F5FEAA290D490B00BF02CC /* NetworkManger.swift in Sources */ = {isa = PBXBuildFile; fileRef = B5F5FEA9290D490B00BF02CC /* NetworkManger.swift */; };
		B5F5FEAC290D4DCB00BF02CC /* NetworkCases.swift in Sources */ = {isa = PBXBuildFile; fileRef = B5F5FEAB290D4DCB00BF02CC /* NetworkCases.swift */; };
		B5F5FEAE290D4FEF00BF02CC /* MovieDownloadManger.swift in Sources */ = {isa = PBXBuildFile; fileRef = B5F5FEAD290D4FEF00BF02CC /* MovieDownloadManger.swift */; };
		B5F5FEB0290D71C300BF02CC /* MovieReviewManger.swift in Sources */ = {isa = PBXBuildFile; fileRef = B5F5FEAF290D71C300BF02CC /* MovieReviewManger.swift */; };
		B5F5FEB2290D734200BF02CC /* ImageLoder.swift in Sources */ = {isa = PBXBuildFile; fileRef = B5F5FEB1290D734200BF02CC /* ImageLoder.swift */; };
		B5F5FEB4290D745600BF02CC /* ImageCache.swift in Sources */ = {isa = PBXBuildFile; fileRef = B5F5FEB3290D745600BF02CC /* ImageCache.swift */; };
		B5F5FEB6290D80DB00BF02CC /* ImageCacheKey.swift in Sources */ = {isa = PBXBuildFile; fileRef = B5F5FEB5290D80DB00BF02CC /* ImageCacheKey.swift */; };
		B5F5FEB8290D81D400BF02CC /* AsyncImage.swift in Sources */ = {isa = PBXBuildFile; fileRef = B5F5FEB7290D81D400BF02CC /* AsyncImage.swift */; };
		B5F5FEBA290DA99000BF02CC /* MovieCell.swift in Sources */ = {isa = PBXBuildFile; fileRef = B5F5FEB9290DA99000BF02CC /* MovieCell.swift */; };
		B5F5FEBC290DB36300BF02CC /* MovieDetails.swift in Sources */ = {isa = PBXBuildFile; fileRef = B5F5FEBB290DB36300BF02CC /* MovieDetails.swift */; };
/* End PBXBuildFile section */

/* Begin PBXFileReference section */
		140A8DAA290F949400677307 /* MovieReviewView.swift */ = {isa = PBXFileReference; lastKnownFileType = sourcecode.swift; path = MovieReviewView.swift; sourceTree = "<group>"; };
		B5F5FE83290D118B00BF02CC /* MovieApp.app */ = {isa = PBXFileReference; explicitFileType = wrapper.application; includeInIndex = 0; path = MovieApp.app; sourceTree = BUILT_PRODUCTS_DIR; };
		B5F5FE86290D118B00BF02CC /* MovieAppApp.swift */ = {isa = PBXFileReference; lastKnownFileType = sourcecode.swift; path = MovieAppApp.swift; sourceTree = "<group>"; };
		B5F5FE88290D118B00BF02CC /* ContentView.swift */ = {isa = PBXFileReference; lastKnownFileType = sourcecode.swift; path = ContentView.swift; sourceTree = "<group>"; };
		B5F5FE8A290D118D00BF02CC /* Assets.xcassets */ = {isa = PBXFileReference; lastKnownFileType = folder.assetcatalog; path = Assets.xcassets; sourceTree = "<group>"; };
		B5F5FE8D290D118D00BF02CC /* Preview Assets.xcassets */ = {isa = PBXFileReference; lastKnownFileType = folder.assetcatalog; path = "Preview Assets.xcassets"; sourceTree = "<group>"; };
		B5F5FE98290D15EE00BF02CC /* HomeTabView.swift */ = {isa = PBXFileReference; lastKnownFileType = sourcecode.swift; path = HomeTabView.swift; sourceTree = "<group>"; };
		B5F5FE9A290D1A7900BF02CC /* SettingsView.swift */ = {isa = PBXFileReference; lastKnownFileType = sourcecode.swift; path = SettingsView.swift; sourceTree = "<group>"; };
		B5F5FE9C290D237A00BF02CC /* MoviesView.swift */ = {isa = PBXFileReference; lastKnownFileType = sourcecode.swift; path = MoviesView.swift; sourceTree = "<group>"; };
		B5F5FE9E290D23B500BF02CC /* DiscoverView.swift */ = {isa = PBXFileReference; lastKnownFileType = sourcecode.swift; path = DiscoverView.swift; sourceTree = "<group>"; };
		B5F5FEA0290D2D8800BF02CC /* Movie.swift */ = {isa = PBXFileReference; lastKnownFileType = sourcecode.swift; path = Movie.swift; sourceTree = "<group>"; };
		B5F5FEA2290D344100BF02CC /* Cast.swift */ = {isa = PBXFileReference; lastKnownFileType = sourcecode.swift; path = Cast.swift; sourceTree = "<group>"; };
		B5F5FEA4290D37D400BF02CC /* Review.swift */ = {isa = PBXFileReference; lastKnownFileType = sourcecode.swift; path = Review.swift; sourceTree = "<group>"; };
		B5F5FEA9290D490B00BF02CC /* NetworkManger.swift */ = {isa = PBXFileReference; lastKnownFileType = sourcecode.swift; path = NetworkManger.swift; sourceTree = "<group>"; };
		B5F5FEAB290D4DCB00BF02CC /* NetworkCases.swift */ = {isa = PBXFileReference; lastKnownFileType = sourcecode.swift; path = NetworkCases.swift; sourceTree = "<group>"; };
		B5F5FEAD290D4FEF00BF02CC /* MovieDownloadManger.swift */ = {isa = PBXFileReference; lastKnownFileType = sourcecode.swift; path = MovieDownloadManger.swift; sourceTree = "<group>"; };
		B5F5FEAF290D71C300BF02CC /* MovieReviewManger.swift */ = {isa = PBXFileReference; lastKnownFileType = sourcecode.swift; path = MovieReviewManger.swift; sourceTree = "<group>"; };
		B5F5FEB1290D734200BF02CC /* ImageLoder.swift */ = {isa = PBXFileReference; lastKnownFileType = sourcecode.swift; path = ImageLoder.swift; sourceTree = "<group>"; };
		B5F5FEB3290D745600BF02CC /* ImageCache.swift */ = {isa = PBXFileReference; lastKnownFileType = sourcecode.swift; path = ImageCache.swift; sourceTree = "<group>"; };
		B5F5FEB5290D80DB00BF02CC /* ImageCacheKey.swift */ = {isa = PBXFileReference; lastKnownFileType = sourcecode.swift; path = ImageCacheKey.swift; sourceTree = "<group>"; };
		B5F5FEB7290D81D400BF02CC /* AsyncImage.swift */ = {isa = PBXFileReference; lastKnownFileType = sourcecode.swift; path = AsyncImage.swift; sourceTree = "<group>"; };
		B5F5FEB9290DA99000BF02CC /* MovieCell.swift */ = {isa = PBXFileReference; lastKnownFileType = sourcecode.swift; path = MovieCell.swift; sourceTree = "<group>"; };
		B5F5FEBB290DB36300BF02CC /* MovieDetails.swift */ = {isa = PBXFileReference; lastKnownFileType = sourcecode.swift; path = MovieDetails.swift; sourceTree = "<group>"; };
/* End PBXFileReference section */

/* Begin PBXFrameworksBuildPhase section */
		B5F5FE80290D118B00BF02CC /* Frameworks */ = {
			isa = PBXFrameworksBuildPhase;
			buildActionMask = 2147483647;
			files = (
				B5F5FEA8290D3EB700BF02CC /* Alamofire in Frameworks */,
			);
			runOnlyForDeploymentPostprocessing = 0;
		};
/* End PBXFrameworksBuildPhase section */

/* Begin PBXGroup section */
		B5F5FE7A290D118B00BF02CC = {
			isa = PBXGroup;
			children = (
				B5F5FE85290D118B00BF02CC /* MovieApp */,
				B5F5FE84290D118B00BF02CC /* Products */,
			);
			sourceTree = "<group>";
		};
		B5F5FE84290D118B00BF02CC /* Products */ = {
			isa = PBXGroup;
			children = (
				B5F5FE83290D118B00BF02CC /* MovieApp.app */,
			);
			name = Products;
			sourceTree = "<group>";
		};
		B5F5FE85290D118B00BF02CC /* MovieApp */ = {
			isa = PBXGroup;
			children = (
				B5F5FE86290D118B00BF02CC /* MovieAppApp.swift */,
				B5F5FE88290D118B00BF02CC /* ContentView.swift */,
				B5F5FE95290D157300BF02CC /* Views */,
				B5F5FE94290D156500BF02CC /* Models */,
				B5F5FE96290D157C00BF02CC /* Networking */,
				B5F5FE97290D158B00BF02CC /* AsyncImage */,
				B5F5FE8A290D118D00BF02CC /* Assets.xcassets */,
				B5F5FE8C290D118D00BF02CC /* Preview Content */,
			);
			path = MovieApp;
			sourceTree = "<group>";
		};
		B5F5FE8C290D118D00BF02CC /* Preview Content */ = {
			isa = PBXGroup;
			children = (
				B5F5FE8D290D118D00BF02CC /* Preview Assets.xcassets */,
			);
			path = "Preview Content";
			sourceTree = "<group>";
		};
		B5F5FE94290D156500BF02CC /* Models */ = {
			isa = PBXGroup;
			children = (
				B5F5FEA0290D2D8800BF02CC /* Movie.swift */,
				B5F5FEA2290D344100BF02CC /* Cast.swift */,
				B5F5FEA4290D37D400BF02CC /* Review.swift */,
			);
			path = Models;
			sourceTree = "<group>";
		};
		B5F5FE95290D157300BF02CC /* Views */ = {
			isa = PBXGroup;
			children = (
				B5F5FE98290D15EE00BF02CC /* HomeTabView.swift */,
				B5F5FE9A290D1A7900BF02CC /* SettingsView.swift */,
				B5F5FE9C290D237A00BF02CC /* MoviesView.swift */,
				B5F5FE9E290D23B500BF02CC /* DiscoverView.swift */,
				B5F5FEB9290DA99000BF02CC /* MovieCell.swift */,
				B5F5FEBB290DB36300BF02CC /* MovieDetails.swift */,
				140A8DAA290F949400677307 /* MovieReviewView.swift */,
			);
			path = Views;
			sourceTree = "<group>";
		};
		B5F5FE96290D157C00BF02CC /* Networking */ = {
			isa = PBXGroup;
			children = (
				B5F5FEA9290D490B00BF02CC /* NetworkManger.swift */,
				B5F5FEAB290D4DCB00BF02CC /* NetworkCases.swift */,
				B5F5FEAD290D4FEF00BF02CC /* MovieDownloadManger.swift */,
				B5F5FEAF290D71C300BF02CC /* MovieReviewManger.swift */,
			);
			path = Networking;
			sourceTree = "<group>";
		};
		B5F5FE97290D158B00BF02CC /* AsyncImage */ = {
			isa = PBXGroup;
			children = (
				B5F5FEB1290D734200BF02CC /* ImageLoder.swift */,
				B5F5FEB3290D745600BF02CC /* ImageCache.swift */,
				B5F5FEB5290D80DB00BF02CC /* ImageCacheKey.swift */,
				B5F5FEB7290D81D400BF02CC /* AsyncImage.swift */,
			);
			path = AsyncImage;
			sourceTree = "<group>";
		};
/* End PBXGroup section */

/* Begin PBXNativeTarget section */
		B5F5FE82290D118B00BF02CC /* MovieApp */ = {
			isa = PBXNativeTarget;
			buildConfigurationList = B5F5FE91290D118D00BF02CC /* Build configuration list for PBXNativeTarget "MovieApp" */;
			buildPhases = (
				B5F5FE7F290D118B00BF02CC /* Sources */,
				B5F5FE80290D118B00BF02CC /* Frameworks */,
				B5F5FE81290D118B00BF02CC /* Resources */,
			);
			buildRules = (
			);
			dependencies = (
			);
			name = MovieApp;
			packageProductDependencies = (
				B5F5FEA7290D3EB700BF02CC /* Alamofire */,
			);
			productName = MovieApp;
			productReference = B5F5FE83290D118B00BF02CC /* MovieApp.app */;
			productType = "com.apple.product-type.application";
		};
/* End PBXNativeTarget section */

/* Begin PBXProject section */
		B5F5FE7B290D118B00BF02CC /* Project object */ = {
			isa = PBXProject;
			attributes = {
				BuildIndependentTargetsInParallel = 1;
				LastSwiftUpdateCheck = 1400;
				LastUpgradeCheck = 1400;
				TargetAttributes = {
					B5F5FE82290D118B00BF02CC = {
						CreatedOnToolsVersion = 14.0.1;
					};
				};
			};
			buildConfigurationList = B5F5FE7E290D118B00BF02CC /* Build configuration list for PBXProject "MovieApp" */;
			compatibilityVersion = "Xcode 14.0";
			developmentRegion = en;
			hasScannedForEncodings = 0;
			knownRegions = (
				en,
				Base,
			);
			mainGroup = B5F5FE7A290D118B00BF02CC;
			packageReferences = (
				B5F5FEA6290D3EB700BF02CC /* XCRemoteSwiftPackageReference "Alamofire" */,
			);
			productRefGroup = B5F5FE84290D118B00BF02CC /* Products */;
			projectDirPath = "";
			projectRoot = "";
			targets = (
				B5F5FE82290D118B00BF02CC /* MovieApp */,
			);
		};
/* End PBXProject section */

/* Begin PBXResourcesBuildPhase section */
		B5F5FE81290D118B00BF02CC /* Resources */ = {
			isa = PBXResourcesBuildPhase;
			buildActionMask = 2147483647;
			files = (
				B5F5FE8E290D118D00BF02CC /* Preview Assets.xcassets in Resources */,
				B5F5FE8B290D118D00BF02CC /* Assets.xcassets in Resources */,
			);
			runOnlyForDeploymentPostprocessing = 0;
		};
/* End PBXResourcesBuildPhase section */

/* Begin PBXSourcesBuildPhase section */
		B5F5FE7F290D118B00BF02CC /* Sources */ = {
			isa = PBXSourcesBuildPhase;
			buildActionMask = 2147483647;
			files = (
				B5F5FEB4290D745600BF02CC /* ImageCache.swift in Sources */,
				B5F5FEAA290D490B00BF02CC /* NetworkManger.swift in Sources */,
				B5F5FEBA290DA99000BF02CC /* MovieCell.swift in Sources */,
				B5F5FEB0290D71C300BF02CC /* MovieReviewManger.swift in Sources */,
				B5F5FEB8290D81D400BF02CC /* AsyncImage.swift in Sources */,
				B5F5FEB2290D734200BF02CC /* ImageLoder.swift in Sources */,
				B5F5FEA3290D344100BF02CC /* Cast.swift in Sources */,
				B5F5FEA1290D2D8800BF02CC /* Movie.swift in Sources */,
				B5F5FEA5290D37D400BF02CC /* Review.swift in Sources */,
				B5F5FEAC290D4DCB00BF02CC /* NetworkCases.swift in Sources */,
				B5F5FE9D290D237A00BF02CC /* MoviesView.swift in Sources */,
				B5F5FE99290D15EE00BF02CC /* HomeTabView.swift in Sources */,
				B5F5FE9B290D1A7900BF02CC /* SettingsView.swift in Sources */,
				B5F5FE89290D118B00BF02CC /* ContentView.swift in Sources */,
				B5F5FE87290D118B00BF02CC /* MovieAppApp.swift in Sources */,
				B5F5FEAE290D4FEF00BF02CC /* MovieDownloadManger.swift in Sources */,
				B5F5FEB6290D80DB00BF02CC /* ImageCacheKey.swift in Sources */,
				140A8DAB290F949400677307 /* MovieReviewView.swift in Sources */,
				B5F5FEBC290DB36300BF02CC /* MovieDetails.swift in Sources */,
				B5F5FE9F290D23B500BF02CC /* DiscoverView.swift in Sources */,
			);
			runOnlyForDeploymentPostprocessing = 0;
		};
/* End PBXSourcesBuildPhase section */

/* Begin XCBuildConfiguration section */
		B5F5FE8F290D118D00BF02CC /* Debug */ = {
			isa = XCBuildConfiguration;
			buildSettings = {
				ALWAYS_SEARCH_USER_PATHS = NO;
				CLANG_ANALYZER_NONNULL = YES;
				CLANG_ANALYZER_NUMBER_OBJECT_CONVERSION = YES_AGGRESSIVE;
				CLANG_CXX_LANGUAGE_STANDARD = "gnu++20";
				CLANG_ENABLE_MODULES = YES;
				CLANG_ENABLE_OBJC_ARC = YES;
				CLANG_ENABLE_OBJC_WEAK = YES;
				CLANG_WARN_BLOCK_CAPTURE_AUTORELEASING = YES;
				CLANG_WARN_BOOL_CONVERSION = YES;
				CLANG_WARN_COMMA = YES;
				CLANG_WARN_CONSTANT_CONVERSION = YES;
				CLANG_WARN_DEPRECATED_OBJC_IMPLEMENTATIONS = YES;
				CLANG_WARN_DIRECT_OBJC_ISA_USAGE = YES_ERROR;
				CLANG_WARN_DOCUMENTATION_COMMENTS = YES;
				CLANG_WARN_EMPTY_BODY = YES;
				CLANG_WARN_ENUM_CONVERSION = YES;
				CLANG_WARN_INFINITE_RECURSION = YES;
				CLANG_WARN_INT_CONVERSION = YES;
				CLANG_WARN_NON_LITERAL_NULL_CONVERSION = YES;
				CLANG_WARN_OBJC_IMPLICIT_RETAIN_SELF = YES;
				CLANG_WARN_OBJC_LITERAL_CONVERSION = YES;
				CLANG_WARN_OBJC_ROOT_CLASS = YES_ERROR;
				CLANG_WARN_QUOTED_INCLUDE_IN_FRAMEWORK_HEADER = YES;
				CLANG_WARN_RANGE_LOOP_ANALYSIS = YES;
				CLANG_WARN_STRICT_PROTOTYPES = YES;
				CLANG_WARN_SUSPICIOUS_MOVE = YES;
				CLANG_WARN_UNGUARDED_AVAILABILITY = YES_AGGRESSIVE;
				CLANG_WARN_UNREACHABLE_CODE = YES;
				CLANG_WARN__DUPLICATE_METHOD_MATCH = YES;
				COPY_PHASE_STRIP = NO;
				DEBUG_INFORMATION_FORMAT = dwarf;
				ENABLE_STRICT_OBJC_MSGSEND = YES;
				ENABLE_TESTABILITY = YES;
				GCC_C_LANGUAGE_STANDARD = gnu11;
				GCC_DYNAMIC_NO_PIC = NO;
				GCC_NO_COMMON_BLOCKS = YES;
				GCC_OPTIMIZATION_LEVEL = 0;
				GCC_PREPROCESSOR_DEFINITIONS = (
					"DEBUG=1",
					"$(inherited)",
				);
				GCC_WARN_64_TO_32_BIT_CONVERSION = YES;
				GCC_WARN_ABOUT_RETURN_TYPE = YES_ERROR;
				GCC_WARN_UNDECLARED_SELECTOR = YES;
				GCC_WARN_UNINITIALIZED_AUTOS = YES_AGGRESSIVE;
				GCC_WARN_UNUSED_FUNCTION = YES;
				GCC_WARN_UNUSED_VARIABLE = YES;
				IPHONEOS_DEPLOYMENT_TARGET = 16.0;
				MTL_ENABLE_DEBUG_INFO = INCLUDE_SOURCE;
				MTL_FAST_MATH = YES;
				ONLY_ACTIVE_ARCH = YES;
				SDKROOT = iphoneos;
				SWIFT_ACTIVE_COMPILATION_CONDITIONS = DEBUG;
				SWIFT_OPTIMIZATION_LEVEL = "-Onone";
			};
			name = Debug;
		};
		B5F5FE90290D118D00BF02CC /* Release */ = {
			isa = XCBuildConfiguration;
			buildSettings = {
				ALWAYS_SEARCH_USER_PATHS = NO;
				CLANG_ANALYZER_NONNULL = YES;
				CLANG_ANALYZER_NUMBER_OBJECT_CONVERSION = YES_AGGRESSIVE;
				CLANG_CXX_LANGUAGE_STANDARD = "gnu++20";
				CLANG_ENABLE_MODULES = YES;
				CLANG_ENABLE_OBJC_ARC = YES;
				CLANG_ENABLE_OBJC_WEAK = YES;
				CLANG_WARN_BLOCK_CAPTURE_AUTORELEASING = YES;
				CLANG_WARN_BOOL_CONVERSION = YES;
				CLANG_WARN_COMMA = YES;
				CLANG_WARN_CONSTANT_CONVERSION = YES;
				CLANG_WARN_DEPRECATED_OBJC_IMPLEMENTATIONS = YES;
				CLANG_WARN_DIRECT_OBJC_ISA_USAGE = YES_ERROR;
				CLANG_WARN_DOCUMENTATION_COMMENTS = YES;
				CLANG_WARN_EMPTY_BODY = YES;
				CLANG_WARN_ENUM_CONVERSION = YES;
				CLANG_WARN_INFINITE_RECURSION = YES;
				CLANG_WARN_INT_CONVERSION = YES;
				CLANG_WARN_NON_LITERAL_NULL_CONVERSION = YES;
				CLANG_WARN_OBJC_IMPLICIT_RETAIN_SELF = YES;
				CLANG_WARN_OBJC_LITERAL_CONVERSION = YES;
				CLANG_WARN_OBJC_ROOT_CLASS = YES_ERROR;
				CLANG_WARN_QUOTED_INCLUDE_IN_FRAMEWORK_HEADER = YES;
				CLANG_WARN_RANGE_LOOP_ANALYSIS = YES;
				CLANG_WARN_STRICT_PROTOTYPES = YES;
				CLANG_WARN_SUSPICIOUS_MOVE = YES;
				CLANG_WARN_UNGUARDED_AVAILABILITY = YES_AGGRESSIVE;
				CLANG_WARN_UNREACHABLE_CODE = YES;
				CLANG_WARN__DUPLICATE_METHOD_MATCH = YES;
				COPY_PHASE_STRIP = NO;
				DEBUG_INFORMATION_FORMAT = "dwarf-with-dsym";
				ENABLE_NS_ASSERTIONS = NO;
				ENABLE_STRICT_OBJC_MSGSEND = YES;
				GCC_C_LANGUAGE_STANDARD = gnu11;
				GCC_NO_COMMON_BLOCKS = YES;
				GCC_WARN_64_TO_32_BIT_CONVERSION = YES;
				GCC_WARN_ABOUT_RETURN_TYPE = YES_ERROR;
				GCC_WARN_UNDECLARED_SELECTOR = YES;
				GCC_WARN_UNINITIALIZED_AUTOS = YES_AGGRESSIVE;
				GCC_WARN_UNUSED_FUNCTION = YES;
				GCC_WARN_UNUSED_VARIABLE = YES;
				IPHONEOS_DEPLOYMENT_TARGET = 16.0;
				MTL_ENABLE_DEBUG_INFO = NO;
				MTL_FAST_MATH = YES;
				SDKROOT = iphoneos;
				SWIFT_COMPILATION_MODE = wholemodule;
				SWIFT_OPTIMIZATION_LEVEL = "-O";
				VALIDATE_PRODUCT = YES;
			};
			name = Release;
		};
		B5F5FE92290D118D00BF02CC /* Debug */ = {
			isa = XCBuildConfiguration;
			buildSettings = {
				ASSETCATALOG_COMPILER_APPICON_NAME = AppIcon;
				ASSETCATALOG_COMPILER_GLOBAL_ACCENT_COLOR_NAME = AccentColor;
				CODE_SIGN_STYLE = Automatic;
				CURRENT_PROJECT_VERSION = 1;
				DEVELOPMENT_ASSET_PATHS = "\"MovieApp/Preview Content\"";
				ENABLE_PREVIEWS = YES;
				GENERATE_INFOPLIST_FILE = YES;
				INFOPLIST_KEY_UIApplicationSceneManifest_Generation = YES;
				INFOPLIST_KEY_UIApplicationSupportsIndirectInputEvents = YES;
				INFOPLIST_KEY_UILaunchScreen_Generation = YES;
				INFOPLIST_KEY_UISupportedInterfaceOrientations_iPad = "UIInterfaceOrientationPortrait UIInterfaceOrientationPortraitUpsideDown UIInterfaceOrientationLandscapeLeft UIInterfaceOrientationLandscapeRight";
				INFOPLIST_KEY_UISupportedInterfaceOrientations_iPhone = "UIInterfaceOrientationPortrait UIInterfaceOrientationLandscapeLeft UIInterfaceOrientationLandscapeRight";
				LD_RUNPATH_SEARCH_PATHS = (
					"$(inherited)",
					"@executable_path/Frameworks",
				);
				MARKETING_VERSION = 1.0;
				PRODUCT_BUNDLE_IDENTIFIER = com.NuraAbdAlMajeed.MovieApp;
				PRODUCT_NAME = "$(TARGET_NAME)";
				SWIFT_EMIT_LOC_STRINGS = YES;
				SWIFT_VERSION = 5.0;
				TARGETED_DEVICE_FAMILY = "1,2";
			};
			name = Debug;
		};
		B5F5FE93290D118D00BF02CC /* Release */ = {
			isa = XCBuildConfiguration;
			buildSettings = {
				ASSETCATALOG_COMPILER_APPICON_NAME = AppIcon;
				ASSETCATALOG_COMPILER_GLOBAL_ACCENT_COLOR_NAME = AccentColor;
				CODE_SIGN_STYLE = Automatic;
				CURRENT_PROJECT_VERSION = 1;
				DEVELOPMENT_ASSET_PATHS = "\"MovieApp/Preview Content\"";
				ENABLE_PREVIEWS = YES;
				GENERATE_INFOPLIST_FILE = YES;
				INFOPLIST_KEY_UIApplicationSceneManifest_Generation = YES;
				INFOPLIST_KEY_UIApplicationSupportsIndirectInputEvents = YES;
				INFOPLIST_KEY_UILaunchScreen_Generation = YES;
				INFOPLIST_KEY_UISupportedInterfaceOrientations_iPad = "UIInterfaceOrientationPortrait UIInterfaceOrientationPortraitUpsideDown UIInterfaceOrientationLandscapeLeft UIInterfaceOrientationLandscapeRight";
				INFOPLIST_KEY_UISupportedInterfaceOrientations_iPhone = "UIInterfaceOrientationPortrait UIInterfaceOrientationLandscapeLeft UIInterfaceOrientationLandscapeRight";
				LD_RUNPATH_SEARCH_PATHS = (
					"$(inherited)",
					"@executable_path/Frameworks",
				);
				MARKETING_VERSION = 1.0;
				PRODUCT_BUNDLE_IDENTIFIER = com.NuraAbdAlMajeed.MovieApp;
				PRODUCT_NAME = "$(TARGET_NAME)";
				SWIFT_EMIT_LOC_STRINGS = YES;
				SWIFT_VERSION = 5.0;
				TARGETED_DEVICE_FAMILY = "1,2";
			};
			name = Release;
		};
/* End XCBuildConfiguration section */

/* Begin XCConfigurationList section */
		B5F5FE7E290D118B00BF02CC /* Build configuration list for PBXProject "MovieApp" */ = {
			isa = XCConfigurationList;
			buildConfigurations = (
				B5F5FE8F290D118D00BF02CC /* Debug */,
				B5F5FE90290D118D00BF02CC /* Release */,
			);
			defaultConfigurationIsVisible = 0;
			defaultConfigurationName = Release;
		};
		B5F5FE91290D118D00BF02CC /* Build configuration list for PBXNativeTarget "MovieApp" */ = {
			isa = XCConfigurationList;
			buildConfigurations = (
				B5F5FE92290D118D00BF02CC /* Debug */,
				B5F5FE93290D118D00BF02CC /* Release */,
			);
			defaultConfigurationIsVisible = 0;
			defaultConfigurationName = Release;
		};
/* End XCConfigurationList section */

/* Begin XCRemoteSwiftPackageReference section */
		B5F5FEA6290D3EB700BF02CC /* XCRemoteSwiftPackageReference "Alamofire" */ = {
			isa = XCRemoteSwiftPackageReference;
			repositoryURL = "https://github.com/Alamofire/Alamofire.git";
			requirement = {
				kind = upToNextMajorVersion;
				minimumVersion = 5.0.0;
			};
		};
/* End XCRemoteSwiftPackageReference section */

/* Begin XCSwiftPackageProductDependency section */
		B5F5FEA7290D3EB700BF02CC /* Alamofire */ = {
			isa = XCSwiftPackageProductDependency;
			package = B5F5FEA6290D3EB700BF02CC /* XCRemoteSwiftPackageReference "Alamofire" */;
			productName = Alamofire;
		};
/* End XCSwiftPackageProductDependency section */
	};
	rootObject = B5F5FE7B290D118B00BF02CC /* Project object */;
}
